
Microsoft Visual Studio Solution File, Format Version 12.00
# Visual Studio 15
VisualStudioVersion = 15.0.27004.2006
MinimumVisualStudioVersion = 10.0.40219.1
Project("{FAE04EC0-301F-11D3-BF4B-00C04F79EFBC}") = "FDIntegrator", "FDIntegrator\FDIntegrator.csproj", "{B4B3DDAB-CF22-46F6-B2E7-9D712D87F36E}"
EndProject
Global
	GlobalSection(SolutionConfigurationPlatforms) = preSolution
		Debug|Any CPU = Debug|Any CPU
		Release|Any CPU = Release|Any CPU
	EndGlobalSection
	GlobalSection(ProjectConfigurationPlatforms) = postSolution
		{B4B3DDAB-CF22-46F6-B2E7-9D712D87F36E}.Debug|Any CPU.ActiveCfg = Debug|Any CPU
		{B4B3DDAB-CF22-46F6-B2E7-9D712D87F36E}.Debug|Any CPU.Build.0 = Debug|Any CPU
		{B4B3DDAB-CF22-46F6-B2E7-9D712D87F36E}.Release|Any CPU.ActiveCfg = Release|Any CPU
		{B4B3DDAB-CF22-46F6-B2E7-9D712D87F36E}.Release|Any CPU.Build.0 = Release|Any CPU
	EndGlobalSection
	GlobalSection(SolutionProperties) = preSolution
		HideSolutionNode = FALSE
	EndGlobalSection
	GlobalSection(ExtensibilityGlobals) = postSolution
		SolutionGuid = {C6CB7384-AAC8-4F45-BE40-CA41F8E57108}
	EndGlobalSection
EndGlobal
